
Microsoft Visual Studio Solution File, Format Version 12.00
Project("{FAE04EC0-301F-11D3-BF4B-00C04F79EFBC}") = "LearnCsharp2", "LearnCsharp2.csproj", "{7C575570-CE37-4184-940D-7EA6F28E0FAB}"
EndProject
Global
	GlobalSection(SolutionConfigurationPlatforms) = preSolution
		Debug|Any CPU = Debug|Any CPU
		Release|Any CPU = Release|Any CPU
	EndGlobalSection
	GlobalSection(ProjectConfigurationPlatforms) = postSolution
		{7C575570-CE37-4184-940D-7EA6F28E0FAB}.Debug|Any CPU.ActiveCfg = Debug|Any CPU
		{7C575570-CE37-4184-940D-7EA6F28E0FAB}.Debug|Any CPU.Build.0 = Debug|Any CPU
		{7C575570-CE37-4184-940D-7EA6F28E0FAB}.Release|Any CPU.ActiveCfg = Release|Any CPU
		{7C575570-CE37-4184-940D-7EA6F28E0FAB}.Release|Any CPU.Build.0 = Release|Any CPU
	EndGlobalSection
EndGlobal
